Microsoft Visual Studio Solution File, Format Version 8.00
Project("{FAE04EC0-301F-11D3-BF4B-00C04F79EFBC}") = "UniUploader", "UniUploader.csproj", "{A1344382-5BB9-4650-B98D-E8CBAD49F44D}"
	ProjectSection(ProjectDependencies) = postProject
	EndProjectSection
EndProject
Global
	GlobalSection(SolutionConfiguration) = preSolution
		Debug = Debug
		Release = Release
	EndGlobalSection
	GlobalSection(ProjectConfiguration) = postSolution
		{A1344382-5BB9-4650-B98D-E8CBAD49F44D}.Debug.ActiveCfg = Debug|.NET
		{A1344382-5BB9-4650-B98D-E8CBAD49F44D}.Debug.Build.0 = Debug|.NET
		{A1344382-5BB9-4650-B98D-E8CBAD49F44D}.Release.ActiveCfg = Release|.NET
		{A1344382-5BB9-4650-B98D-E8CBAD49F44D}.Release.Build.0 = Release|.NET
	EndGlobalSection
	GlobalSection(ExtensibilityGlobals) = postSolution
	EndGlobalSection
	GlobalSection(ExtensibilityAddIns) = postSolution
	EndGlobalSection
EndGlobal
