Microsoft Visual Studio Solution File, Format Version 8.00
Project("{FAE04EC0-301F-11D3-BF4B-00C04F79EFBC}") = "Ace", "Ace.csproj", "{8D31E29F-8C0D-4A69-8D45-9C40524ED4D7}"
	ProjectSection(ProjectDependencies) = postProject
	EndProjectSection
EndProject
Global
	GlobalSection(SolutionConfiguration) = preSolution
		Debug = Debug
		Release = Release
	EndGlobalSection
	GlobalSection(ProjectConfiguration) = postSolution
		{8D31E29F-8C0D-4A69-8D45-9C40524ED4D7}.Debug.ActiveCfg = Debug|.NET
		{8D31E29F-8C0D-4A69-8D45-9C40524ED4D7}.Debug.Build.0 = Debug|.NET
		{8D31E29F-8C0D-4A69-8D45-9C40524ED4D7}.Release.ActiveCfg = Release|.NET
		{8D31E29F-8C0D-4A69-8D45-9C40524ED4D7}.Release.Build.0 = Release|.NET
	EndGlobalSection
	GlobalSection(ExtensibilityGlobals) = postSolution
	EndGlobalSection
	GlobalSection(ExtensibilityAddIns) = postSolution
	EndGlobalSection
EndGlobal
