
Microsoft Visual Studio Solution File, Format Version 10.00
# Visual Studio 2008
Project("{FAE04EC0-301F-11D3-BF4B-00C04F79EFBC}") = "update_Officer", "update_Officer.csproj", "{0B28F57E-6310-4BE5-A58D-C398C7D915A3}"
EndProject
Global
	GlobalSection(SolutionConfigurationPlatforms) = preSolution
		Debug|Any CPU = Debug|Any CPU
		Release|Any CPU = Release|Any CPU
	EndGlobalSection
	GlobalSection(ProjectConfigurationPlatforms) = postSolution
		{0B28F57E-6310-4BE5-A58D-C398C7D915A3}.Debug|Any CPU.ActiveCfg = Debug|Any CPU
		{0B28F57E-6310-4BE5-A58D-C398C7D915A3}.Debug|Any CPU.Build.0 = Debug|Any CPU
		{0B28F57E-6310-4BE5-A58D-C398C7D915A3}.Release|Any CPU.ActiveCfg = Release|Any CPU
		{0B28F57E-6310-4BE5-A58D-C398C7D915A3}.Release|Any CPU.Build.0 = Release|Any CPU
	EndGlobalSection
	GlobalSection(SolutionProperties) = preSolution
		HideSolutionNode = FALSE
	EndGlobalSection
EndGlobal
