Microsoft Visual Studio Solution File, Format Version 8.00
Project("{FAE04EC0-301F-11D3-BF4B-00C04F79EFBC}") = "UniUploader", "UniUploader.csproj", "{A1344382-5BB9-4650-B98D-E8CBAD49F44D}"
	ProjectSection(ProjectDependencies) = postProject
		{00D0C21D-D94C-4B0F-A710-1EFBABB4C4C6} = {00D0C21D-D94C-4B0F-A710-1EFBABB4C4C6}
	EndProjectSection
EndProject
Project("{FAE04EC0-301F-11D3-BF4B-00C04F79EFBC}") = "PluginInterface", "PluginInterface\PluginInterface.csproj", "{00D0C21D-D94C-4B0F-A710-1EFBABB4C4C6}"
	ProjectSection(ProjectDependencies) = postProject
	EndProjectSection
EndProject
Project("{FAE04EC0-301F-11D3-BF4B-00C04F79EFBC}") = "Ace", "Ace\Ace.csproj", "{8D31E29F-8C0D-4A69-8D45-9C40524ED4D7}"
	ProjectSection(ProjectDependencies) = postProject
		{00D0C21D-D94C-4B0F-A710-1EFBABB4C4C6} = {00D0C21D-D94C-4B0F-A710-1EFBABB4C4C6}
	EndProjectSection
EndProject
Global
	GlobalSection(SolutionConfiguration) = preSolution
		Debug = Debug
		Release = Release
	EndGlobalSection
	GlobalSection(ProjectConfiguration) = postSolution
		{A1344382-5BB9-4650-B98D-E8CBAD49F44D}.Debug.ActiveCfg = Debug|.NET
		{A1344382-5BB9-4650-B98D-E8CBAD49F44D}.Debug.Build.0 = Debug|.NET
		{A1344382-5BB9-4650-B98D-E8CBAD49F44D}.Release.ActiveCfg = Release|.NET
		{A1344382-5BB9-4650-B98D-E8CBAD49F44D}.Release.Build.0 = Release|.NET
		{00D0C21D-D94C-4B0F-A710-1EFBABB4C4C6}.Debug.ActiveCfg = Debug|.NET
		{00D0C21D-D94C-4B0F-A710-1EFBABB4C4C6}.Debug.Build.0 = Debug|.NET
		{00D0C21D-D94C-4B0F-A710-1EFBABB4C4C6}.Release.ActiveCfg = Release|.NET
		{00D0C21D-D94C-4B0F-A710-1EFBABB4C4C6}.Release.Build.0 = Release|.NET
		{8D31E29F-8C0D-4A69-8D45-9C40524ED4D7}.Debug.ActiveCfg = Debug|.NET
		{8D31E29F-8C0D-4A69-8D45-9C40524ED4D7}.Debug.Build.0 = Debug|.NET
		{8D31E29F-8C0D-4A69-8D45-9C40524ED4D7}.Release.ActiveCfg = Release|.NET
		{8D31E29F-8C0D-4A69-8D45-9C40524ED4D7}.Release.Build.0 = Release|.NET
	EndGlobalSection
	GlobalSection(ExtensibilityGlobals) = postSolution
	EndGlobalSection
	GlobalSection(ExtensibilityAddIns) = postSolution
	EndGlobalSection
EndGlobal
